// !$*UTF8*$!
{
	archiveVersion = 1;
	classes = {
	};
	objectVersion = 56;
	objects = {

/* Begin PBXBuildFile section */
		3099D8652C1140E1009C3574 /* mac_voice_whispersApp.swift in Sources */ = {isa = PBXBuildFile; fileRef = 3099D8642C1140E1009C3574 /* mac_voice_whispersApp.swift */; };
		3099D8692C1140E3009C3574 /* Assets.xcassets in Resources */ = {isa = PBXBuildFile; fileRef = 3099D8682C1140E3009C3574 /* Assets.xcassets */; };
		3099D86C2C1140E3009C3574 /* Preview Assets.xcassets in Resources */ = {isa = PBXBuildFile; fileRef = 3099D86B2C1140E3009C3574 /* Preview Assets.xcassets */; };
		3099D8742C1147F8009C3574 /* .gitignore in Resources */ = {isa = PBXBuildFile; fileRef = 3099D8732C1147F8009C3574 /* .gitignore */; };
		3099D8772C1148F3009C3574 /* whisper in Frameworks */ = {isa = PBXBuildFile; productRef = 3099D8762C1148F3009C3574 /* whisper */; };
		3099D87A2C11490D009C3574 /* HotKey in Frameworks */ = {isa = PBXBuildFile; productRef = 3099D8792C11490D009C3574 /* HotKey */; };
		3099D8872C114953009C3574 /* AppMenu.swift in Sources */ = {isa = PBXBuildFile; fileRef = 3099D87B2C114953009C3574 /* AppMenu.swift */; };
		3099D8882C114953009C3574 /* ggml-tiny.en.bin in Resources */ = {isa = PBXBuildFile; fileRef = 3099D87E2C114953009C3574 /* ggml-tiny.en.bin */; };
		3099D88A2C114953009C3574 /* Recorder.swift in Sources */ = {isa = PBXBuildFile; fileRef = 3099D8832C114953009C3574 /* Recorder.swift */; };
		3099D88B2C114953009C3574 /* RiffWaveUtils.swift in Sources */ = {isa = PBXBuildFile; fileRef = 3099D8842C114953009C3574 /* RiffWaveUtils.swift */; };
		3099D88C2C114953009C3574 /* WhisperState.swift in Sources */ = {isa = PBXBuildFile; fileRef = 3099D8852C114953009C3574 /* WhisperState.swift */; };
		3099D88E2C114962009C3574 /* AppState.swift in Sources */ = {isa = PBXBuildFile; fileRef = 3099D88D2C114962009C3574 /* AppState.swift */; };
		3099D8912C11499F009C3574 /* LibWhisper.swift in Sources */ = {isa = PBXBuildFile; fileRef = 3099D88F2C11499F009C3574 /* LibWhisper.swift */; };
/* End PBXBuildFile section */

/* Begin PBXFileReference section */
		3099D8612C1140E1009C3574 /* mac_voice_whispers.app */ = {isa = PBXFileReference; explicitFileType = wrapper.application; includeInIndex = 0; path = mac_voice_whispers.app; sourceTree = BUILT_PRODUCTS_DIR; };
		3099D8642C1140E1009C3574 /* mac_voice_whispersApp.swift */ = {isa = PBXFileReference; lastKnownFileType = sourcecode.swift; path = mac_voice_whispersApp.swift; sourceTree = "<group>"; };
		3099D8682C1140E3009C3574 /* Assets.xcassets */ = {isa = PBXFileReference; lastKnownFileType = folder.assetcatalog; path = Assets.xcassets; sourceTree = "<group>"; };
		3099D86B2C1140E3009C3574 /* Preview Assets.xcassets */ = {isa = PBXFileReference; lastKnownFileType = folder.assetcatalog; path = "Preview Assets.xcassets"; sourceTree = "<group>"; };
		3099D86D2C1140E3009C3574 /* mac_voice_whispers.entitlements */ = {isa = PBXFileReference; lastKnownFileType = text.plist.entitlements; path = mac_voice_whispers.entitlements; sourceTree = "<group>"; };
		3099D8732C1147F8009C3574 /* .gitignore */ = {isa = PBXFileReference; fileEncoding = 4; lastKnownFileType = text; path = .gitignore; sourceTree = "<group>"; };
		3099D87B2C114953009C3574 /* AppMenu.swift */ = {isa = PBXFileReference; fileEncoding = 4; lastKnownFileType = sourcecode.swift; path = AppMenu.swift; sourceTree = "<group>"; };
		3099D87E2C114953009C3574 /* ggml-tiny.en.bin */ = {isa = PBXFileReference; lastKnownFileType = archive.macbinary; path = "ggml-tiny.en.bin"; sourceTree = "<group>"; };
		3099D8832C114953009C3574 /* Recorder.swift */ = {isa = PBXFileReference; fileEncoding = 4; lastKnownFileType = sourcecode.swift; path = Recorder.swift; sourceTree = "<group>"; };
		3099D8842C114953009C3574 /* RiffWaveUtils.swift */ = {isa = PBXFileReference; fileEncoding = 4; lastKnownFileType = sourcecode.swift; path = RiffWaveUtils.swift; sourceTree = "<group>"; };
		3099D8852C114953009C3574 /* WhisperState.swift */ = {isa = PBXFileReference; fileEncoding = 4; lastKnownFileType = sourcecode.swift; path = WhisperState.swift; sourceTree = "<group>"; };
		3099D88D2C114962009C3574 /* AppState.swift */ = {isa = PBXFileReference; fileEncoding = 4; lastKnownFileType = sourcecode.swift; path = AppState.swift; sourceTree = "<group>"; };
		3099D88F2C11499F009C3574 /* LibWhisper.swift */ = {isa = PBXFileReference; fileEncoding = 4; lastKnownFileType = sourcecode.swift; path = LibWhisper.swift; sourceTree = "<group>"; };
/* End PBXFileReference section */

/* Begin PBXFrameworksBuildPhase section */
		3099D85E2C1140E1009C3574 /* Frameworks */ = {
			isa = PBXFrameworksBuildPhase;
			buildActionMask = 2147483647;
			files = (
				3099D87A2C11490D009C3574 /* HotKey in Frameworks */,
				3099D8772C1148F3009C3574 /* whisper in Frameworks */,
			);
			runOnlyForDeploymentPostprocessing = 0;
		};
/* End PBXFrameworksBuildPhase section */

/* Begin PBXGroup section */
		3099D8582C1140E1009C3574 = {
			isa = PBXGroup;
			children = (
				3099D8902C11499F009C3574 /* whisper.cpp.swift */,
				3099D8732C1147F8009C3574 /* .gitignore */,
				3099D8632C1140E1009C3574 /* mac_voice_whispers */,
				3099D8622C1140E1009C3574 /* Products */,
			);
			sourceTree = "<group>";
		};
		3099D8622C1140E1009C3574 /* Products */ = {
			isa = PBXGroup;
			children = (
				3099D8612C1140E1009C3574 /* mac_voice_whispers.app */,
			);
			name = Products;
			sourceTree = "<group>";
		};
		3099D8632C1140E1009C3574 /* mac_voice_whispers */ = {
			isa = PBXGroup;
			children = (
				3099D87C2C114953009C3574 /* UI */,
				3099D87D2C114953009C3574 /* Models */,
				3099D8812C114953009C3574 /* Resources */,
				3099D8862C114953009C3574 /* Utils */,
				3099D8642C1140E1009C3574 /* mac_voice_whispersApp.swift */,
				3099D88D2C114962009C3574 /* AppState.swift */,
				3099D8682C1140E3009C3574 /* Assets.xcassets */,
				3099D86D2C1140E3009C3574 /* mac_voice_whispers.entitlements */,
				3099D86A2C1140E3009C3574 /* Preview Content */,
			);
			path = mac_voice_whispers;
			sourceTree = "<group>";
		};
		3099D86A2C1140E3009C3574 /* Preview Content */ = {
			isa = PBXGroup;
			children = (
				3099D86B2C1140E3009C3574 /* Preview Assets.xcassets */,
			);
			path = "Preview Content";
			sourceTree = "<group>";
		};
		3099D87C2C114953009C3574 /* UI */ = {
			isa = PBXGroup;
			children = (
				3099D87B2C114953009C3574 /* AppMenu.swift */,
			);
			path = UI;
			sourceTree = "<group>";
		};
		3099D87D2C114953009C3574 /* Models */ = {
			isa = PBXGroup;
			children = (
			);
			path = Models;
			sourceTree = "<group>";
		};
		3099D87F2C114953009C3574 /* models */ = {
			isa = PBXGroup;
			children = (
				3099D87E2C114953009C3574 /* ggml-tiny.en.bin */,
			);
			path = models;
			sourceTree = "<group>";
		};
		3099D8802C114953009C3574 /* samples */ = {
			isa = PBXGroup;
			children = (
			);
			path = samples;
			sourceTree = "<group>";
		};
		3099D8812C114953009C3574 /* Resources */ = {
			isa = PBXGroup;
			children = (
				3099D87F2C114953009C3574 /* models */,
				3099D8802C114953009C3574 /* samples */,
			);
			path = Resources;
			sourceTree = "<group>";
		};
		3099D8862C114953009C3574 /* Utils */ = {
			isa = PBXGroup;
			children = (
				3099D8832C114953009C3574 /* Recorder.swift */,
				3099D8842C114953009C3574 /* RiffWaveUtils.swift */,
				3099D8852C114953009C3574 /* WhisperState.swift */,
			);
			path = Utils;
			sourceTree = "<group>";
		};
		3099D8902C11499F009C3574 /* whisper.cpp.swift */ = {
			isa = PBXGroup;
			children = (
				3099D88F2C11499F009C3574 /* LibWhisper.swift */,
			);
			path = whisper.cpp.swift;
			sourceTree = "<group>";
		};
/* End PBXGroup section */

/* Begin PBXNativeTarget section */
		3099D8602C1140E1009C3574 /* mac_voice_whispers */ = {
			isa = PBXNativeTarget;
			buildConfigurationList = 3099D8702C1140E3009C3574 /* Build configuration list for PBXNativeTarget "mac_voice_whispers" */;
			buildPhases = (
				3099D85D2C1140E1009C3574 /* Sources */,
				3099D85E2C1140E1009C3574 /* Frameworks */,
				3099D85F2C1140E1009C3574 /* Resources */,
			);
			buildRules = (
			);
			dependencies = (
			);
			name = mac_voice_whispers;
			packageProductDependencies = (
				3099D8762C1148F3009C3574 /* whisper */,
				3099D8792C11490D009C3574 /* HotKey */,
			);
			productName = mac_voice_whispers;
			productReference = 3099D8612C1140E1009C3574 /* mac_voice_whispers.app */;
			productType = "com.apple.product-type.application";
		};
/* End PBXNativeTarget section */

/* Begin PBXProject section */
		3099D8592C1140E1009C3574 /* Project object */ = {
			isa = PBXProject;
			attributes = {
				BuildIndependentTargetsInParallel = 1;
				LastSwiftUpdateCheck = 1540;
				LastUpgradeCheck = 1540;
				TargetAttributes = {
					3099D8602C1140E1009C3574 = {
						CreatedOnToolsVersion = 15.4;
					};
				};
			};
			buildConfigurationList = 3099D85C2C1140E1009C3574 /* Build configuration list for PBXProject "mac_voice_whispers" */;
			compatibilityVersion = "Xcode 14.0";
			developmentRegion = en;
			hasScannedForEncodings = 0;
			knownRegions = (
				en,
				Base,
			);
			mainGroup = 3099D8582C1140E1009C3574;
			packageReferences = (
				3099D8752C1148F3009C3574 /* XCRemoteSwiftPackageReference "whisper" */,
				3099D8782C11490D009C3574 /* XCRemoteSwiftPackageReference "HotKey" */,
			);
			productRefGroup = 3099D8622C1140E1009C3574 /* Products */;
			projectDirPath = "";
			projectRoot = "";
			targets = (
				3099D8602C1140E1009C3574 /* mac_voice_whispers */,
			);
		};
/* End PBXProject section */

/* Begin PBXResourcesBuildPhase section */
		3099D85F2C1140E1009C3574 /* Resources */ = {
			isa = PBXResourcesBuildPhase;
			buildActionMask = 2147483647;
			files = (
				3099D8882C114953009C3574 /* ggml-tiny.en.bin in Resources */,
				3099D86C2C1140E3009C3574 /* Preview Assets.xcassets in Resources */,
				3099D8742C1147F8009C3574 /* .gitignore in Resources */,
				3099D8692C1140E3009C3574 /* Assets.xcassets in Resources */,
			);
			runOnlyForDeploymentPostprocessing = 0;
		};
/* End PBXResourcesBuildPhase section */

/* Begin PBXSourcesBuildPhase section */
		3099D85D2C1140E1009C3574 /* Sources */ = {
			isa = PBXSourcesBuildPhase;
			buildActionMask = 2147483647;
			files = (
				3099D88A2C114953009C3574 /* Recorder.swift in Sources */,
				3099D8872C114953009C3574 /* AppMenu.swift in Sources */,
				3099D88E2C114962009C3574 /* AppState.swift in Sources */,
				3099D88C2C114953009C3574 /* WhisperState.swift in Sources */,
				3099D8652C1140E1009C3574 /* mac_voice_whispersApp.swift in Sources */,
				3099D8912C11499F009C3574 /* LibWhisper.swift in Sources */,
				3099D88B2C114953009C3574 /* RiffWaveUtils.swift in Sources */,
			);
			runOnlyForDeploymentPostprocessing = 0;
		};
/* End PBXSourcesBuildPhase section */

/* Begin XCBuildConfiguration section */
		3099D86E2C1140E3009C3574 /* Debug */ = {
			isa = XCBuildConfiguration;
			buildSettings = {
				ALWAYS_SEARCH_USER_PATHS = NO;
				ASSETCATALOG_COMPILER_GENERATE_SWIFT_ASSET_SYMBOL_EXTENSIONS = YES;
				CLANG_ANALYZER_NONNULL = YES;
				CLANG_ANALYZER_NUMBER_OBJECT_CONVERSION = YES_AGGRESSIVE;
				CLANG_CXX_LANGUAGE_STANDARD = "gnu++20";
				CLANG_ENABLE_MODULES = YES;
				CLANG_ENABLE_OBJC_ARC = YES;
				CLANG_ENABLE_OBJC_WEAK = YES;
				CLANG_WARN_BLOCK_CAPTURE_AUTORELEASING = YES;
				CLANG_WARN_BOOL_CONVERSION = YES;
				CLANG_WARN_COMMA = YES;
				CLANG_WARN_CONSTANT_CONVERSION = YES;
				CLANG_WARN_DEPRECATED_OBJC_IMPLEMENTATIONS = YES;
				CLANG_WARN_DIRECT_OBJC_ISA_USAGE = YES_ERROR;
				CLANG_WARN_DOCUMENTATION_COMMENTS = YES;
				CLANG_WARN_EMPTY_BODY = YES;
				CLANG_WARN_ENUM_CONVERSION = YES;
				CLANG_WARN_INFINITE_RECURSION = YES;
				CLANG_WARN_INT_CONVERSION = YES;
				CLANG_WARN_NON_LITERAL_NULL_CONVERSION = YES;
				CLANG_WARN_OBJC_IMPLICIT_RETAIN_SELF = YES;
				CLANG_WARN_OBJC_LITERAL_CONVERSION = YES;
				CLANG_WARN_OBJC_ROOT_CLASS = YES_ERROR;
				CLANG_WARN_QUOTED_INCLUDE_IN_FRAMEWORK_HEADER = YES;
				CLANG_WARN_RANGE_LOOP_ANALYSIS = YES;
				CLANG_WARN_STRICT_PROTOTYPES = YES;
				CLANG_WARN_SUSPICIOUS_MOVE = YES;
				CLANG_WARN_UNGUARDED_AVAILABILITY = YES_AGGRESSIVE;
				CLANG_WARN_UNREACHABLE_CODE = YES;
				CLANG_WARN__DUPLICATE_METHOD_MATCH = YES;
				COPY_PHASE_STRIP = NO;
				DEBUG_INFORMATION_FORMAT = dwarf;
				ENABLE_STRICT_OBJC_MSGSEND = YES;
				ENABLE_TESTABILITY = YES;
				ENABLE_USER_SCRIPT_SANDBOXING = YES;
				GCC_C_LANGUAGE_STANDARD = gnu17;
				GCC_DYNAMIC_NO_PIC = NO;
				GCC_NO_COMMON_BLOCKS = YES;
				GCC_OPTIMIZATION_LEVEL = 0;
				GCC_PREPROCESSOR_DEFINITIONS = (
					"DEBUG=1",
					"$(inherited)",
				);
				GCC_WARN_64_TO_32_BIT_CONVERSION = YES;
				GCC_WARN_ABOUT_RETURN_TYPE = YES_ERROR;
				GCC_WARN_UNDECLARED_SELECTOR = YES;
				GCC_WARN_UNINITIALIZED_AUTOS = YES_AGGRESSIVE;
				GCC_WARN_UNUSED_FUNCTION = YES;
				GCC_WARN_UNUSED_VARIABLE = YES;
				LOCALIZATION_PREFERS_STRING_CATALOGS = YES;
				MACOSX_DEPLOYMENT_TARGET = 14.4;
				MTL_ENABLE_DEBUG_INFO = INCLUDE_SOURCE;
				MTL_FAST_MATH = YES;
				ONLY_ACTIVE_ARCH = YES;
				SDKROOT = macosx;
				SWIFT_ACTIVE_COMPILATION_CONDITIONS = "DEBUG $(inherited)";
				SWIFT_OPTIMIZATION_LEVEL = "-Onone";
			};
			name = Debug;
		};
		3099D86F2C1140E3009C3574 /* Release */ = {
			isa = XCBuildConfiguration;
			buildSettings = {
				ALWAYS_SEARCH_USER_PATHS = NO;
				ASSETCATALOG_COMPILER_GENERATE_SWIFT_ASSET_SYMBOL_EXTENSIONS = YES;
				CLANG_ANALYZER_NONNULL = YES;
				CLANG_ANALYZER_NUMBER_OBJECT_CONVERSION = YES_AGGRESSIVE;
				CLANG_CXX_LANGUAGE_STANDARD = "gnu++20";
				CLANG_ENABLE_MODULES = YES;
				CLANG_ENABLE_OBJC_ARC = YES;
				CLANG_ENABLE_OBJC_WEAK = YES;
				CLANG_WARN_BLOCK_CAPTURE_AUTORELEASING = YES;
				CLANG_WARN_BOOL_CONVERSION = YES;
				CLANG_WARN_COMMA = YES;
				CLANG_WARN_CONSTANT_CONVERSION = YES;
				CLANG_WARN_DEPRECATED_OBJC_IMPLEMENTATIONS = YES;
				CLANG_WARN_DIRECT_OBJC_ISA_USAGE = YES_ERROR;
				CLANG_WARN_DOCUMENTATION_COMMENTS = YES;
				CLANG_WARN_EMPTY_BODY = YES;
				CLANG_WARN_ENUM_CONVERSION = YES;
				CLANG_WARN_INFINITE_RECURSION = YES;
				CLANG_WARN_INT_CONVERSION = YES;
				CLANG_WARN_NON_LITERAL_NULL_CONVERSION = YES;
				CLANG_WARN_OBJC_IMPLICIT_RETAIN_SELF = YES;
				CLANG_WARN_OBJC_LITERAL_CONVERSION = YES;
				CLANG_WARN_OBJC_ROOT_CLASS = YES_ERROR;
				CLANG_WARN_QUOTED_INCLUDE_IN_FRAMEWORK_HEADER = YES;
				CLANG_WARN_RANGE_LOOP_ANALYSIS = YES;
				CLANG_WARN_STRICT_PROTOTYPES = YES;
				CLANG_WARN_SUSPICIOUS_MOVE = YES;
				CLANG_WARN_UNGUARDED_AVAILABILITY = YES_AGGRESSIVE;
				CLANG_WARN_UNREACHABLE_CODE = YES;
				CLANG_WARN__DUPLICATE_METHOD_MATCH = YES;
				COPY_PHASE_STRIP = NO;
				DEBUG_INFORMATION_FORMAT = "dwarf-with-dsym";
				ENABLE_NS_ASSERTIONS = NO;
				ENABLE_STRICT_OBJC_MSGSEND = YES;
				ENABLE_USER_SCRIPT_SANDBOXING = YES;
				GCC_C_LANGUAGE_STANDARD = gnu17;
				GCC_NO_COMMON_BLOCKS = YES;
				GCC_WARN_64_TO_32_BIT_CONVERSION = YES;
				GCC_WARN_ABOUT_RETURN_TYPE = YES_ERROR;
				GCC_WARN_UNDECLARED_SELECTOR = YES;
				GCC_WARN_UNINITIALIZED_AUTOS = YES_AGGRESSIVE;
				GCC_WARN_UNUSED_FUNCTION = YES;
				GCC_WARN_UNUSED_VARIABLE = YES;
				LOCALIZATION_PREFERS_STRING_CATALOGS = YES;
				MACOSX_DEPLOYMENT_TARGET = 14.4;
				MTL_ENABLE_DEBUG_INFO = NO;
				MTL_FAST_MATH = YES;
				SDKROOT = macosx;
				SWIFT_COMPILATION_MODE = wholemodule;
			};
			name = Release;
		};
		3099D8712C1140E3009C3574 /* Debug */ = {
			isa = XCBuildConfiguration;
			buildSettings = {
				ASSETCATALOG_COMPILER_APPICON_NAME = AppIcon;
				ASSETCATALOG_COMPILER_GLOBAL_ACCENT_COLOR_NAME = AccentColor;
				CODE_SIGN_ENTITLEMENTS = mac_voice_whispers/mac_voice_whispers.entitlements;
				CODE_SIGN_STYLE = Automatic;
				COMBINE_HIDPI_IMAGES = YES;
				CURRENT_PROJECT_VERSION = 1;
				DEVELOPMENT_ASSET_PATHS = "\"mac_voice_whispers/Preview Content\"";
				DEVELOPMENT_TEAM = LW9726WSSJ;
				ENABLE_PREVIEWS = YES;
				GENERATE_INFOPLIST_FILE = YES;
				INFOPLIST_KEY_NSHumanReadableCopyright = "";
				INFOPLIST_KEY_NSMicrophoneUsageDescription = "This app requires access to your microphone";
				LD_RUNPATH_SEARCH_PATHS = (
					"$(inherited)",
					"@executable_path/../Frameworks",
				);
				MARKETING_VERSION = 1.0;
				PRODUCT_BUNDLE_IDENTIFIER = "rewuorb.mac-voice-whispers";
				PRODUCT_NAME = "$(TARGET_NAME)";
				SWIFT_EMIT_LOC_STRINGS = YES;
				SWIFT_VERSION = 5.0;
			};
			name = Debug;
		};
		3099D8722C1140E3009C3574 /* Release */ = {
			isa = XCBuildConfiguration;
			buildSettings = {
				ASSETCATALOG_COMPILER_APPICON_NAME = AppIcon;
				ASSETCATALOG_COMPILER_GLOBAL_ACCENT_COLOR_NAME = AccentColor;
				CODE_SIGN_ENTITLEMENTS = mac_voice_whispers/mac_voice_whispers.entitlements;
				CODE_SIGN_STYLE = Automatic;
				COMBINE_HIDPI_IMAGES = YES;
				CURRENT_PROJECT_VERSION = 1;
				DEVELOPMENT_ASSET_PATHS = "\"mac_voice_whispers/Preview Content\"";
				DEVELOPMENT_TEAM = LW9726WSSJ;
				ENABLE_PREVIEWS = YES;
				GENERATE_INFOPLIST_FILE = YES;
				INFOPLIST_KEY_NSHumanReadableCopyright = "";
				INFOPLIST_KEY_NSMicrophoneUsageDescription = "This app requires access to your microphone";
				LD_RUNPATH_SEARCH_PATHS = (
					"$(inherited)",
					"@executable_path/../Frameworks",
				);
				MARKETING_VERSION = 1.0;
				PRODUCT_BUNDLE_IDENTIFIER = "rewuorb.mac-voice-whispers";
				PRODUCT_NAME = "$(TARGET_NAME)";
				SWIFT_EMIT_LOC_STRINGS = YES;
				SWIFT_VERSION = 5.0;
			};
			name = Release;
		};
/* End XCBuildConfiguration section */

/* Begin XCConfigurationList section */
		3099D85C2C1140E1009C3574 /* Build configuration list for PBXProject "mac_voice_whispers" */ = {
			isa = XCConfigurationList;
			buildConfigurations = (
				3099D86E2C1140E3009C3574 /* Debug */,
				3099D86F2C1140E3009C3574 /* Release */,
			);
			defaultConfigurationIsVisible = 0;
			defaultConfigurationName = Release;
		};
		3099D8702C1140E3009C3574 /* Build configuration list for PBXNativeTarget "mac_voice_whispers" */ = {
			isa = XCConfigurationList;
			buildConfigurations = (
				3099D8712C1140E3009C3574 /* Debug */,
				3099D8722C1140E3009C3574 /* Release */,
			);
			defaultConfigurationIsVisible = 0;
			defaultConfigurationName = Release;
		};
/* End XCConfigurationList section */

/* Begin XCRemoteSwiftPackageReference section */
		3099D8752C1148F3009C3574 /* XCRemoteSwiftPackageReference "whisper" */ = {
			isa = XCRemoteSwiftPackageReference;
			repositoryURL = "https://github.com/ggerganov/whisper.cpp/";
			requirement = {
				branch = master;
				kind = branch;
			};
		};
		3099D8782C11490D009C3574 /* XCRemoteSwiftPackageReference "HotKey" */ = {
			isa = XCRemoteSwiftPackageReference;
			repositoryURL = "https://github.com/soffes/HotKey";
			requirement = {
				branch = main;
				kind = branch;
			};
		};
/* End XCRemoteSwiftPackageReference section */

/* Begin XCSwiftPackageProductDependency section */
		3099D8762C1148F3009C3574 /* whisper */ = {
			isa = XCSwiftPackageProductDependency;
			package = 3099D8752C1148F3009C3574 /* XCRemoteSwiftPackageReference "whisper" */;
			productName = whisper;
		};
		3099D8792C11490D009C3574 /* HotKey */ = {
			isa = XCSwiftPackageProductDependency;
			package = 3099D8782C11490D009C3574 /* XCRemoteSwiftPackageReference "HotKey" */;
			productName = HotKey;
		};
/* End XCSwiftPackageProductDependency section */
	};
	rootObject = 3099D8592C1140E1009C3574 /* Project object */;
}
